
Microsoft Visual Studio Solution File, Format Version 12.00
# Visual Studio Version 16
VisualStudioVersion = 16.0.31624.102
MinimumVisualStudioVersion = 10.0.40219.1
Project("{9A19103F-16F7-4668-BE54-9A1E7A4F7556}") = "WiredBrainCoffee.ShopInfoTool", "WiredBrainCoffee.ShopInfoTool\WiredBrainCoffee.ShopInfoTool.csproj", "{4E604C66-B906-48F6-A178-752838BF85F3}"
EndProject
Project("{FAE04EC0-301F-11D3-BF4B-00C04F79EFBC}") = "WiredBrainCoffee.DataAccess", "WiredBrainCoffee.DataAccess\WiredBrainCoffee.DataAccess.csproj", "{9C6D6450-CD53-4964-ABB5-C7F3D257A1B6}"
EndProject
Global
	GlobalSection(SolutionConfigurationPlatforms) = preSolution
		Debug|Any CPU = Debug|Any CPU
		Release|Any CPU = Release|Any CPU
	EndGlobalSection
	GlobalSection(ProjectConfigurationPlatforms) = postSolution
		{4E604C66-B906-48F6-A178-752838BF85F3}.Debug|Any CPU.ActiveCfg = Debug|Any CPU
		{4E604C66-B906-48F6-A178-752838BF85F3}.Debug|Any CPU.Build.0 = Debug|Any CPU
		{4E604C66-B906-48F6-A178-752838BF85F3}.Release|Any CPU.ActiveCfg = Release|Any CPU
		{4E604C66-B906-48F6-A178-752838BF85F3}.Release|Any CPU.Build.0 = Release|Any CPU
		{9C6D6450-CD53-4964-ABB5-C7F3D257A1B6}.Debug|Any CPU.ActiveCfg = Debug|Any CPU
		{9C6D6450-CD53-4964-ABB5-C7F3D257A1B6}.Debug|Any CPU.Build.0 = Debug|Any CPU
		{9C6D6450-CD53-4964-ABB5-C7F3D257A1B6}.Release|Any CPU.ActiveCfg = Release|Any CPU
		{9C6D6450-CD53-4964-ABB5-C7F3D257A1B6}.Release|Any CPU.Build.0 = Release|Any CPU
	EndGlobalSection
	GlobalSection(SolutionProperties) = preSolution
		HideSolutionNode = FALSE
	EndGlobalSection
	GlobalSection(ExtensibilityGlobals) = postSolution
		SolutionGuid = {F18266CD-63F6-4D73-B4F6-3A192F1D4858}
	EndGlobalSection
EndGlobal
